// !$*UTF8*$!
{
	archiveVersion = 1;
	classes = {
	};
	objectVersion = 50;
	objects = {

/* Begin PBXBuildFile section */
		F36FC8D6270B40A40007B7C8 /* HeaderModel.swift in Sources */ = {isa = PBXBuildFile; fileRef = F36FC8D5270B40A40007B7C8 /* HeaderModel.swift */; };
		F36FC8D8270B4AAF0007B7C8 /* HeaderData.swift in Sources */ = {isa = PBXBuildFile; fileRef = F36FC8D7270B4AAF0007B7C8 /* HeaderData.swift */; };
		F381E2B4270C7A8E00B9AF51 /* FactsView.swift in Sources */ = {isa = PBXBuildFile; fileRef = F381E2B3270C7A8E00B9AF51 /* FactsView.swift */; };
		F382C3F12702721E00DF8A19 /* HeaderView.swift in Sources */ = {isa = PBXBuildFile; fileRef = F382C3F02702721E00DF8A19 /* HeaderView.swift */; };
		F3A434692702274E009A9E95 /* abacateApp.swift in Sources */ = {isa = PBXBuildFile; fileRef = F3A434682702274E009A9E95 /* abacateApp.swift */; };
		F3A4346B2702274E009A9E95 /* ContentView.swift in Sources */ = {isa = PBXBuildFile; fileRef = F3A4346A2702274E009A9E95 /* ContentView.swift */; };
		F3A4346D2702274F009A9E95 /* Assets.xcassets in Resources */ = {isa = PBXBuildFile; fileRef = F3A4346C2702274F009A9E95 /* Assets.xcassets */; };
		F3A434702702274F009A9E95 /* Preview Assets.xcassets in Resources */ = {isa = PBXBuildFile; fileRef = F3A4346F2702274F009A9E95 /* Preview Assets.xcassets */; };
		F3A4347B27023A90009A9E95 /* AvocadoView.swift in Sources */ = {isa = PBXBuildFile; fileRef = F3A4347A27023A90009A9E95 /* AvocadoView.swift */; };
		F3A4347D27023B45009A9E95 /* RipeningStagesView.swift in Sources */ = {isa = PBXBuildFile; fileRef = F3A4347C27023B45009A9E95 /* RipeningStagesView.swift */; };
		F3A4347F27023B76009A9E95 /* SettingsView.swift in Sources */ = {isa = PBXBuildFile; fileRef = F3A4347E27023B76009A9E95 /* SettingsView.swift */; };
		F3A4348127023B9D009A9E95 /* AppView.swift in Sources */ = {isa = PBXBuildFile; fileRef = F3A4348027023B9D009A9E95 /* AppView.swift */; };
		F3E45843270B714500E7A09A /* DishesView.swift in Sources */ = {isa = PBXBuildFile; fileRef = F3E45842270B714500E7A09A /* DishesView.swift */; };
/* End PBXBuildFile section */

/* Begin PBXFileReference section */
		F36FC8D5270B40A40007B7C8 /* HeaderModel.swift */ = {isa = PBXFileReference; lastKnownFileType = sourcecode.swift; path = HeaderModel.swift; sourceTree = "<group>"; };
		F36FC8D7270B4AAF0007B7C8 /* HeaderData.swift */ = {isa = PBXFileReference; lastKnownFileType = sourcecode.swift; path = HeaderData.swift; sourceTree = "<group>"; };
		F381E2B3270C7A8E00B9AF51 /* FactsView.swift */ = {isa = PBXFileReference; lastKnownFileType = sourcecode.swift; path = FactsView.swift; sourceTree = "<group>"; };
		F382C3F02702721E00DF8A19 /* HeaderView.swift */ = {isa = PBXFileReference; lastKnownFileType = sourcecode.swift; path = HeaderView.swift; sourceTree = "<group>"; };
		F3A434652702274E009A9E95 /* abacate.app */ = {isa = PBXFileReference; explicitFileType = wrapper.application; includeInIndex = 0; path = abacate.app; sourceTree = BUILT_PRODUCTS_DIR; };
		F3A434682702274E009A9E95 /* abacateApp.swift */ = {isa = PBXFileReference; lastKnownFileType = sourcecode.swift; path = abacateApp.swift; sourceTree = "<group>"; };
		F3A4346A2702274E009A9E95 /* ContentView.swift */ = {isa = PBXFileReference; lastKnownFileType = sourcecode.swift; path = ContentView.swift; sourceTree = "<group>"; };
		F3A4346C2702274F009A9E95 /* Assets.xcassets */ = {isa = PBXFileReference; lastKnownFileType = folder.assetcatalog; path = Assets.xcassets; sourceTree = "<group>"; };
		F3A4346F2702274F009A9E95 /* Preview Assets.xcassets */ = {isa = PBXFileReference; lastKnownFileType = folder.assetcatalog; path = "Preview Assets.xcassets"; sourceTree = "<group>"; };
		F3A434712702274F009A9E95 /* Info.plist */ = {isa = PBXFileReference; lastKnownFileType = text.plist.xml; path = Info.plist; sourceTree = "<group>"; };
		F3A4347A27023A90009A9E95 /* AvocadoView.swift */ = {isa = PBXFileReference; lastKnownFileType = sourcecode.swift; path = AvocadoView.swift; sourceTree = "<group>"; };
		F3A4347C27023B45009A9E95 /* RipeningStagesView.swift */ = {isa = PBXFileReference; lastKnownFileType = sourcecode.swift; path = RipeningStagesView.swift; sourceTree = "<group>"; };
		F3A4347E27023B76009A9E95 /* SettingsView.swift */ = {isa = PBXFileReference; lastKnownFileType = sourcecode.swift; path = SettingsView.swift; sourceTree = "<group>"; };
		F3A4348027023B9D009A9E95 /* AppView.swift */ = {isa = PBXFileReference; lastKnownFileType = sourcecode.swift; path = AppView.swift; sourceTree = "<group>"; };
		F3E45842270B714500E7A09A /* DishesView.swift */ = {isa = PBXFileReference; lastKnownFileType = sourcecode.swift; path = DishesView.swift; sourceTree = "<group>"; };
/* End PBXFileReference section */

/* Begin PBXFrameworksBuildPhase section */
		F3A434622702274E009A9E95 /* Frameworks */ = {
			isa = PBXFrameworksBuildPhase;
			buildActionMask = 2147483647;
			files = (
			);
			runOnlyForDeploymentPostprocessing = 0;
		};
/* End PBXFrameworksBuildPhase section */

/* Begin PBXGroup section */
		F3A4345C2702274E009A9E95 = {
			isa = PBXGroup;
			children = (
				F3A434672702274E009A9E95 /* abacate */,
				F3A434662702274E009A9E95 /* Products */,
			);
			sourceTree = "<group>";
		};
		F3A434662702274E009A9E95 /* Products */ = {
			isa = PBXGroup;
			children = (
				F3A434652702274E009A9E95 /* abacate.app */,
			);
			name = Products;
			sourceTree = "<group>";
		};
		F3A434672702274E009A9E95 /* abacate */ = {
			isa = PBXGroup;
			children = (
				F3A4347927023A29009A9E95 /* View */,
				F3A4347827023A21009A9E95 /* Model */,
				F3A4347727023A0F009A9E95 /* Data */,
				F3A434682702274E009A9E95 /* abacateApp.swift */,
				F3A4346C2702274F009A9E95 /* Assets.xcassets */,
				F3A434712702274F009A9E95 /* Info.plist */,
				F3A4346E2702274F009A9E95 /* Preview Content */,
			);
			path = abacate;
			sourceTree = "<group>";
		};
		F3A4346E2702274F009A9E95 /* Preview Content */ = {
			isa = PBXGroup;
			children = (
				F3A4346F2702274F009A9E95 /* Preview Assets.xcassets */,
			);
			path = "Preview Content";
			sourceTree = "<group>";
		};
		F3A4347727023A0F009A9E95 /* Data */ = {
			isa = PBXGroup;
			children = (
				F36FC8D7270B4AAF0007B7C8 /* HeaderData.swift */,
			);
			path = Data;
			sourceTree = "<group>";
		};
		F3A4347827023A21009A9E95 /* Model */ = {
			isa = PBXGroup;
			children = (
				F36FC8D5270B40A40007B7C8 /* HeaderModel.swift */,
			);
			path = Model;
			sourceTree = "<group>";
		};
		F3A4347927023A29009A9E95 /* View */ = {
			isa = PBXGroup;
			children = (
				F3A4346A2702274E009A9E95 /* ContentView.swift */,
				F3A4347A27023A90009A9E95 /* AvocadoView.swift */,
				F3A4347C27023B45009A9E95 /* RipeningStagesView.swift */,
				F3A4347E27023B76009A9E95 /* SettingsView.swift */,
				F3A4348027023B9D009A9E95 /* AppView.swift */,
				F382C3F02702721E00DF8A19 /* HeaderView.swift */,
				F3E45842270B714500E7A09A /* DishesView.swift */,
				F381E2B3270C7A8E00B9AF51 /* FactsView.swift */,
			);
			path = View;
			sourceTree = "<group>";
		};
/* End PBXGroup section */

/* Begin PBXNativeTarget section */
		F3A434642702274E009A9E95 /* abacate */ = {
			isa = PBXNativeTarget;
			buildConfigurationList = F3A434742702274F009A9E95 /* Build configuration list for PBXNativeTarget "abacate" */;
			buildPhases = (
				F3A434612702274E009A9E95 /* Sources */,
				F3A434622702274E009A9E95 /* Frameworks */,
				F3A434632702274E009A9E95 /* Resources */,
			);
			buildRules = (
			);
			dependencies = (
			);
			name = abacate;
			productName = abacate;
			productReference = F3A434652702274E009A9E95 /* abacate.app */;
			productType = "com.apple.product-type.application";
		};
/* End PBXNativeTarget section */

/* Begin PBXProject section */
		F3A4345D2702274E009A9E95 /* Project object */ = {
			isa = PBXProject;
			attributes = {
				LastSwiftUpdateCheck = 1250;
				LastUpgradeCheck = 1250;
				TargetAttributes = {
					F3A434642702274E009A9E95 = {
						CreatedOnToolsVersion = 12.5.1;
					};
				};
			};
			buildConfigurationList = F3A434602702274E009A9E95 /* Build configuration list for PBXProject "abacate" */;
			compatibilityVersion = "Xcode 9.3";
			developmentRegion = en;
			hasScannedForEncodings = 0;
			knownRegions = (
				en,
				Base,
			);
			mainGroup = F3A4345C2702274E009A9E95;
			productRefGroup = F3A434662702274E009A9E95 /* Products */;
			projectDirPath = "";
			projectRoot = "";
			targets = (
				F3A434642702274E009A9E95 /* abacate */,
			);
		};
/* End PBXProject section */

/* Begin PBXResourcesBuildPhase section */
		F3A434632702274E009A9E95 /* Resources */ = {
			isa = PBXResourcesBuildPhase;
			buildActionMask = 2147483647;
			files = (
				F3A434702702274F009A9E95 /* Preview Assets.xcassets in Resources */,
				F3A4346D2702274F009A9E95 /* Assets.xcassets in Resources */,
			);
			runOnlyForDeploymentPostprocessing = 0;
		};
/* End PBXResourcesBuildPhase section */

/* Begin PBXSourcesBuildPhase section */
		F3A434612702274E009A9E95 /* Sources */ = {
			isa = PBXSourcesBuildPhase;
			buildActionMask = 2147483647;
			files = (
				F3A4347F27023B76009A9E95 /* SettingsView.swift in Sources */,
				F3A4346B2702274E009A9E95 /* ContentView.swift in Sources */,
				F3A4348127023B9D009A9E95 /* AppView.swift in Sources */,
				F3A4347D27023B45009A9E95 /* RipeningStagesView.swift in Sources */,
				F3A4347B27023A90009A9E95 /* AvocadoView.swift in Sources */,
				F3A434692702274E009A9E95 /* abacateApp.swift in Sources */,
				F36FC8D6270B40A40007B7C8 /* HeaderModel.swift in Sources */,
				F36FC8D8270B4AAF0007B7C8 /* HeaderData.swift in Sources */,
				F3E45843270B714500E7A09A /* DishesView.swift in Sources */,
				F381E2B4270C7A8E00B9AF51 /* FactsView.swift in Sources */,
				F382C3F12702721E00DF8A19 /* HeaderView.swift in Sources */,
			);
			runOnlyForDeploymentPostprocessing = 0;
		};
/* End PBXSourcesBuildPhase section */

/* Begin XCBuildConfiguration section */
		F3A434722702274F009A9E95 /* Debug */ = {
			isa = XCBuildConfiguration;
			buildSettings = {
				ALWAYS_SEARCH_USER_PATHS = NO;
				CLANG_ANALYZER_NONNULL = YES;
				CLANG_ANALYZER_NUMBER_OBJECT_CONVERSION = YES_AGGRESSIVE;
				CLANG_CXX_LANGUAGE_STANDARD = "gnu++14";
				CLANG_CXX_LIBRARY = "libc++";
				CLANG_ENABLE_MODULES = YES;
				CLANG_ENABLE_OBJC_ARC = YES;
				CLANG_ENABLE_OBJC_WEAK = YES;
				CLANG_WARN_BLOCK_CAPTURE_AUTORELEASING = YES;
				CLANG_WARN_BOOL_CONVERSION = YES;
				CLANG_WARN_COMMA = YES;
				CLANG_WARN_CONSTANT_CONVERSION = YES;
				CLANG_WARN_DEPRECATED_OBJC_IMPLEMENTATIONS = YES;
				CLANG_WARN_DIRECT_OBJC_ISA_USAGE = YES_ERROR;
				CLANG_WARN_DOCUMENTATION_COMMENTS = YES;
				CLANG_WARN_EMPTY_BODY = YES;
				CLANG_WARN_ENUM_CONVERSION = YES;
				CLANG_WARN_INFINITE_RECURSION = YES;
				CLANG_WARN_INT_CONVERSION = YES;
				CLANG_WARN_NON_LITERAL_NULL_CONVERSION = YES;
				CLANG_WARN_OBJC_IMPLICIT_RETAIN_SELF = YES;
				CLANG_WARN_OBJC_LITERAL_CONVERSION = YES;
				CLANG_WARN_OBJC_ROOT_CLASS = YES_ERROR;
				CLANG_WARN_QUOTED_INCLUDE_IN_FRAMEWORK_HEADER = YES;
				CLANG_WARN_RANGE_LOOP_ANALYSIS = YES;
				CLANG_WARN_STRICT_PROTOTYPES = YES;
				CLANG_WARN_SUSPICIOUS_MOVE = YES;
				CLANG_WARN_UNGUARDED_AVAILABILITY = YES_AGGRESSIVE;
				CLANG_WARN_UNREACHABLE_CODE = YES;
				CLANG_WARN__DUPLICATE_METHOD_MATCH = YES;
				COPY_PHASE_STRIP = NO;
				DEBUG_INFORMATION_FORMAT = dwarf;
				ENABLE_STRICT_OBJC_MSGSEND = YES;
				ENABLE_TESTABILITY = YES;
				GCC_C_LANGUAGE_STANDARD = gnu11;
				GCC_DYNAMIC_NO_PIC = NO;
				GCC_NO_COMMON_BLOCKS = YES;
				GCC_OPTIMIZATION_LEVEL = 0;
				GCC_PREPROCESSOR_DEFINITIONS = (
					"DEBUG=1",
					"$(inherited)",
				);
				GCC_WARN_64_TO_32_BIT_CONVERSION = YES;
				GCC_WARN_ABOUT_RETURN_TYPE = YES_ERROR;
				GCC_WARN_UNDECLARED_SELECTOR = YES;
				GCC_WARN_UNINITIALIZED_AUTOS = YES_AGGRESSIVE;
				GCC_WARN_UNUSED_FUNCTION = YES;
				GCC_WARN_UNUSED_VARIABLE = YES;
				IPHONEOS_DEPLOYMENT_TARGET = 14.5;
				MTL_ENABLE_DEBUG_INFO = INCLUDE_SOURCE;
				MTL_FAST_MATH = YES;
				ONLY_ACTIVE_ARCH = YES;
				SDKROOT = iphoneos;
				SWIFT_ACTIVE_COMPILATION_CONDITIONS = DEBUG;
				SWIFT_OPTIMIZATION_LEVEL = "-Onone";
			};
			name = Debug;
		};
		F3A434732702274F009A9E95 /* Release */ = {
			isa = XCBuildConfiguration;
			buildSettings = {
				ALWAYS_SEARCH_USER_PATHS = NO;
				CLANG_ANALYZER_NONNULL = YES;
				CLANG_ANALYZER_NUMBER_OBJECT_CONVERSION = YES_AGGRESSIVE;
				CLANG_CXX_LANGUAGE_STANDARD = "gnu++14";
				CLANG_CXX_LIBRARY = "libc++";
				CLANG_ENABLE_MODULES = YES;
				CLANG_ENABLE_OBJC_ARC = YES;
				CLANG_ENABLE_OBJC_WEAK = YES;
				CLANG_WARN_BLOCK_CAPTURE_AUTORELEASING = YES;
				CLANG_WARN_BOOL_CONVERSION = YES;
				CLANG_WARN_COMMA = YES;
				CLANG_WARN_CONSTANT_CONVERSION = YES;
				CLANG_WARN_DEPRECATED_OBJC_IMPLEMENTATIONS = YES;
				CLANG_WARN_DIRECT_OBJC_ISA_USAGE = YES_ERROR;
				CLANG_WARN_DOCUMENTATION_COMMENTS = YES;
				CLANG_WARN_EMPTY_BODY = YES;
				CLANG_WARN_ENUM_CONVERSION = YES;
				CLANG_WARN_INFINITE_RECURSION = YES;
				CLANG_WARN_INT_CONVERSION = YES;
				CLANG_WARN_NON_LITERAL_NULL_CONVERSION = YES;
				CLANG_WARN_OBJC_IMPLICIT_RETAIN_SELF = YES;
				CLANG_WARN_OBJC_LITERAL_CONVERSION = YES;
				CLANG_WARN_OBJC_ROOT_CLASS = YES_ERROR;
				CLANG_WARN_QUOTED_INCLUDE_IN_FRAMEWORK_HEADER = YES;
				CLANG_WARN_RANGE_LOOP_ANALYSIS = YES;
				CLANG_WARN_STRICT_PROTOTYPES = YES;
				CLANG_WARN_SUSPICIOUS_MOVE = YES;
				CLANG_WARN_UNGUARDED_AVAILABILITY = YES_AGGRESSIVE;
				CLANG_WARN_UNREACHABLE_CODE = YES;
				CLANG_WARN__DUPLICATE_METHOD_MATCH = YES;
				COPY_PHASE_STRIP = NO;
				DEBUG_INFORMATION_FORMAT = "dwarf-with-dsym";
				ENABLE_NS_ASSERTIONS = NO;
				ENABLE_STRICT_OBJC_MSGSEND = YES;
				GCC_C_LANGUAGE_STANDARD = gnu11;
				GCC_NO_COMMON_BLOCKS = YES;
				GCC_WARN_64_TO_32_BIT_CONVERSION = YES;
				GCC_WARN_ABOUT_RETURN_TYPE = YES_ERROR;
				GCC_WARN_UNDECLARED_SELECTOR = YES;
				GCC_WARN_UNINITIALIZED_AUTOS = YES_AGGRESSIVE;
				GCC_WARN_UNUSED_FUNCTION = YES;
				GCC_WARN_UNUSED_VARIABLE = YES;
				IPHONEOS_DEPLOYMENT_TARGET = 14.5;
				MTL_ENABLE_DEBUG_INFO = NO;
				MTL_FAST_MATH = YES;
				SDKROOT = iphoneos;
				SWIFT_COMPILATION_MODE = wholemodule;
				SWIFT_OPTIMIZATION_LEVEL = "-O";
				VALIDATE_PRODUCT = YES;
			};
			name = Release;
		};
		F3A434752702274F009A9E95 /* Debug */ = {
			isa = XCBuildConfiguration;
			buildSettings = {
				ASSETCATALOG_COMPILER_APPICON_NAME = AppIcon;
				ASSETCATALOG_COMPILER_GLOBAL_ACCENT_COLOR_NAME = AccentColor;
				CODE_SIGN_STYLE = Automatic;
				DEVELOPMENT_ASSET_PATHS = "\"abacate/Preview Content\"";
				ENABLE_PREVIEWS = YES;
				INFOPLIST_FILE = abacate/Info.plist;
				IPHONEOS_DEPLOYMENT_TARGET = 14.0;
				LD_RUNPATH_SEARCH_PATHS = (
					"$(inherited)",
					"@executable_path/Frameworks",
				);
				PRODUCT_BUNDLE_IDENTIFIER = io.github.erasmojf.abacate;
				PRODUCT_NAME = "$(TARGET_NAME)";
				SWIFT_VERSION = 5.0;
				TARGETED_DEVICE_FAMILY = "1,2";
			};
			name = Debug;
		};
		F3A434762702274F009A9E95 /* Release */ = {
			isa = XCBuildConfiguration;
			buildSettings = {
				ASSETCATALOG_COMPILER_APPICON_NAME = AppIcon;
				ASSETCATALOG_COMPILER_GLOBAL_ACCENT_COLOR_NAME = AccentColor;
				CODE_SIGN_STYLE = Automatic;
				DEVELOPMENT_ASSET_PATHS = "\"abacate/Preview Content\"";
				ENABLE_PREVIEWS = YES;
				INFOPLIST_FILE = abacate/Info.plist;
				IPHONEOS_DEPLOYMENT_TARGET = 14.0;
				LD_RUNPATH_SEARCH_PATHS = (
					"$(inherited)",
					"@executable_path/Frameworks",
				);
				PRODUCT_BUNDLE_IDENTIFIER = io.github.erasmojf.abacate;
				PRODUCT_NAME = "$(TARGET_NAME)";
				SWIFT_VERSION = 5.0;
				TARGETED_DEVICE_FAMILY = "1,2";
			};
			name = Release;
		};
/* End XCBuildConfiguration section */

/* Begin XCConfigurationList section */
		F3A434602702274E009A9E95 /* Build configuration list for PBXProject "abacate" */ = {
			isa = XCConfigurationList;
			buildConfigurations = (
				F3A434722702274F009A9E95 /* Debug */,
				F3A434732702274F009A9E95 /* Release */,
			);
			defaultConfigurationIsVisible = 0;
			defaultConfigurationName = Release;
		};
		F3A434742702274F009A9E95 /* Build configuration list for PBXNativeTarget "abacate" */ = {
			isa = XCConfigurationList;
			buildConfigurations = (
				F3A434752702274F009A9E95 /* Debug */,
				F3A434762702274F009A9E95 /* Release */,
			);
			defaultConfigurationIsVisible = 0;
			defaultConfigurationName = Release;
		};
/* End XCConfigurationList section */
	};
	rootObject = F3A4345D2702274E009A9E95 /* Project object */;
}
